
Microsoft Visual Studio Solution File, Format Version 12.00
# Visual Studio 15
VisualStudioVersion = 15.0.26403.7
MinimumVisualStudioVersion = 10.0.40219.1
Project("{FAE04EC0-301F-11D3-BF4B-00C04F79EFBC}") = "Web", "Web\Web.csproj", "{3A98AB28-D4CC-46F7-9ECF-F51D4076FDFB}"
EndProject
Project("{FAE04EC0-301F-11D3-BF4B-00C04F79EFBC}") = "Web.Tests", "Web.Tests\Web.Tests.csproj", "{3BE38450-8046-4C6A-AF1F-B9503443C804}"
EndProject
Project("{2150E333-8FDC-42A3-9474-1A3956D46DE8}") = "Client", "Client", "{6BC13542-D414-445B-AB8F-CB7920BDDB0A}"
EndProject
Project("{2150E333-8FDC-42A3-9474-1A3956D46DE8}") = "Tests", "Tests", "{8B81F37A-8F75-4472-98AE-848176628377}"
EndProject
Project("{2150E333-8FDC-42A3-9474-1A3956D46DE8}") = "Client", "Client", "{134F22BC-C67D-4568-ADCB-B80E01EAE565}"
EndProject
Project("{2150E333-8FDC-42A3-9474-1A3956D46DE8}") = "Infrastructure", "Infrastructure", "{7728B790-099C-410C-A3ED-0E13F29229B4}"
EndProject
Project("{FAE04EC0-301F-11D3-BF4B-00C04F79EFBC}") = "Domain", "Domain\Domain.csproj", "{995C82AC-B148-41D4-92FB-769D0B17154A}"
EndProject
Project("{FAE04EC0-301F-11D3-BF4B-00C04F79EFBC}") = "Repository", "Repository\Repository.csproj", "{7E68D5DC-217C-44A0-84C0-D8CCAE14081D}"
EndProject
Project("{2150E333-8FDC-42A3-9474-1A3956D46DE8}") = "Infrastructure", "Infrastructure", "{963C87C1-C857-4AB5-B5B4-017BC081C81C}"
EndProject
Project("{FAE04EC0-301F-11D3-BF4B-00C04F79EFBC}") = "Repository.Tests", "Tests\Repository.Tests\Repository.Tests.csproj", "{690FB7CE-105D-4D49-AA88-F9CA85FF52A7}"
EndProject
Project("{FAE04EC0-301F-11D3-BF4B-00C04F79EFBC}") = "Business", "Business\Business.csproj", "{E16C4D6A-9ADD-4EA0-B694-697D6051B26F}"
EndProject
Project("{2150E333-8FDC-42A3-9474-1A3956D46DE8}") = "Mobile", "Mobile", "{380215D7-86F9-41E4-BD85-2D31A3EF472D}"
EndProject
Project("{FAE04EC0-301F-11D3-BF4B-00C04F79EFBC}") = "BankSystem.Android", "Client\Mobile\BankSystem\BankSystem.Android\BankSystem.Android.csproj", "{3C0D7083-B9F3-4535-A692-0F42E4EA6D75}"
EndProject
Project("{FAE04EC0-301F-11D3-BF4B-00C04F79EFBC}") = "BankSystem", "Client\Mobile\BankSystem\BankSystem\BankSystem.csproj", "{42F627D6-29FC-449F-9CC8-A59199928206}"
EndProject
Project("{FAE04EC0-301F-11D3-BF4B-00C04F79EFBC}") = "BankSystem.UWP", "Client\Mobile\BankSystem\BankSystem.UWP\BankSystem.UWP.csproj", "{496387EB-8FAF-4E27-A756-BE6E8C31D1C4}"
EndProject
Project("{FAE04EC0-301F-11D3-BF4B-00C04F79EFBC}") = "BankSystem.iOS", "Client\Mobile\BankSystem\BankSystem.iOS\BankSystem.iOS.csproj", "{A220B95F-14AE-4335-9CB0-C7F602CEA9D2}"
EndProject
Project("{FAE04EC0-301F-11D3-BF4B-00C04F79EFBC}") = "Exceptions", "Exception\Exceptions.csproj", "{D0887F99-845D-4C0A-BC32-D119DBD31085}"
EndProject
Project("{FAE04EC0-301F-11D3-BF4B-00C04F79EFBC}") = "Infrastructure", "Infrastructure\Infrastructure.csproj", "{01971DD4-A3BC-4822-A28C-6CEF8762D7DD}"
EndProject
Project("{FAE04EC0-301F-11D3-BF4B-00C04F79EFBC}") = "TestProjects", "TestProjects\TestProjects.csproj", "{EBA22D05-8AF2-480F-AA44-77A3661DF29E}"
EndProject
Global
	GlobalSection(SolutionConfigurationPlatforms) = preSolution
		Ad-Hoc|Any CPU = Ad-Hoc|Any CPU
		Ad-Hoc|ARM = Ad-Hoc|ARM
		Ad-Hoc|iPhone = Ad-Hoc|iPhone
		Ad-Hoc|iPhoneSimulator = Ad-Hoc|iPhoneSimulator
		Ad-Hoc|x64 = Ad-Hoc|x64
		Ad-Hoc|x86 = Ad-Hoc|x86
		AppStore|Any CPU = AppStore|Any CPU
		AppStore|ARM = AppStore|ARM
		AppStore|iPhone = AppStore|iPhone
		AppStore|iPhoneSimulator = AppStore|iPhoneSimulator
		AppStore|x64 = AppStore|x64
		AppStore|x86 = AppStore|x86
		Debug|Any CPU = Debug|Any CPU
		Debug|ARM = Debug|ARM
		Debug|iPhone = Debug|iPhone
		Debug|iPhoneSimulator = Debug|iPhoneSimulator
		Debug|x64 = Debug|x64
		Debug|x86 = Debug|x86
		Release|Any CPU = Release|Any CPU
		Release|ARM = Release|ARM
		Release|iPhone = Release|iPhone
		Release|iPhoneSimulator = Release|iPhoneSimulator
		Release|x64 = Release|x64
		Release|x86 = Release|x86
	EndGlobalSection
	GlobalSection(ProjectConfigurationPlatforms) = postSolution
		{3A98AB28-D4CC-46F7-9ECF-F51D4076FDFB}.Ad-Hoc|Any CPU.ActiveCfg = Release|Any CPU
		{3A98AB28-D4CC-46F7-9ECF-F51D4076FDFB}.Ad-Hoc|Any CPU.Build.0 = Release|Any CPU
		{3A98AB28-D4CC-46F7-9ECF-F51D4076FDFB}.Ad-Hoc|ARM.ActiveCfg = Release|Any CPU
		{3A98AB28-D4CC-46F7-9ECF-F51D4076FDFB}.Ad-Hoc|ARM.Build.0 = Release|Any CPU
		{3A98AB28-D4CC-46F7-9ECF-F51D4076FDFB}.Ad-Hoc|iPhone.ActiveCfg = Release|Any CPU
		{3A98AB28-D4CC-46F7-9ECF-F51D4076FDFB}.Ad-Hoc|iPhone.Build.0 = Release|Any CPU
		{3A98AB28-D4CC-46F7-9ECF-F51D4076FDFB}.Ad-Hoc|iPhoneSimulator.ActiveCfg = Release|Any CPU
		{3A98AB28-D4CC-46F7-9ECF-F51D4076FDFB}.Ad-Hoc|iPhoneSimulator.Build.0 = Release|Any CPU
		{3A98AB28-D4CC-46F7-9ECF-F51D4076FDFB}.Ad-Hoc|x64.ActiveCfg = Release|Any CPU
		{3A98AB28-D4CC-46F7-9ECF-F51D4076FDFB}.Ad-Hoc|x64.Build.0 = Release|Any CPU
		{3A98AB28-D4CC-46F7-9ECF-F51D4076FDFB}.Ad-Hoc|x86.ActiveCfg = Release|Any CPU
		{3A98AB28-D4CC-46F7-9ECF-F51D4076FDFB}.Ad-Hoc|x86.Build.0 = Release|Any CPU
		{3A98AB28-D4CC-46F7-9ECF-F51D4076FDFB}.AppStore|Any CPU.ActiveCfg = Release|Any CPU
		{3A98AB28-D4CC-46F7-9ECF-F51D4076FDFB}.AppStore|Any CPU.Build.0 = Release|Any CPU
		{3A98AB28-D4CC-46F7-9ECF-F51D4076FDFB}.AppStore|ARM.ActiveCfg = Release|Any CPU
		{3A98AB28-D4CC-46F7-9ECF-F51D4076FDFB}.AppStore|ARM.Build.0 = Release|Any CPU
		{3A98AB28-D4CC-46F7-9ECF-F51D4076FDFB}.AppStore|iPhone.ActiveCfg = Release|Any CPU
		{3A98AB28-D4CC-46F7-9ECF-F51D4076FDFB}.AppStore|iPhone.Build.0 = Release|Any CPU
		{3A98AB28-D4CC-46F7-9ECF-F51D4076FDFB}.AppStore|iPhoneSimulator.ActiveCfg = Release|Any CPU
		{3A98AB28-D4CC-46F7-9ECF-F51D4076FDFB}.AppStore|iPhoneSimulator.Build.0 = Release|Any CPU
		{3A98AB28-D4CC-46F7-9ECF-F51D4076FDFB}.AppStore|x64.ActiveCfg = Release|Any CPU
		{3A98AB28-D4CC-46F7-9ECF-F51D4076FDFB}.AppStore|x64.Build.0 = Release|Any CPU
		{3A98AB28-D4CC-46F7-9ECF-F51D4076FDFB}.AppStore|x86.ActiveCfg = Release|Any CPU
		{3A98AB28-D4CC-46F7-9ECF-F51D4076FDFB}.AppStore|x86.Build.0 = Release|Any CPU
		{3A98AB28-D4CC-46F7-9ECF-F51D4076FDFB}.Debug|Any CPU.ActiveCfg = Debug|Any CPU
		{3A98AB28-D4CC-46F7-9ECF-F51D4076FDFB}.Debug|Any CPU.Build.0 = Debug|Any CPU
		{3A98AB28-D4CC-46F7-9ECF-F51D4076FDFB}.Debug|ARM.ActiveCfg = Debug|Any CPU
		{3A98AB28-D4CC-46F7-9ECF-F51D4076FDFB}.Debug|ARM.Build.0 = Debug|Any CPU
		{3A98AB28-D4CC-46F7-9ECF-F51D4076FDFB}.Debug|iPhone.ActiveCfg = Debug|Any CPU
		{3A98AB28-D4CC-46F7-9ECF-F51D4076FDFB}.Debug|iPhone.Build.0 = Debug|Any CPU
		{3A98AB28-D4CC-46F7-9ECF-F51D4076FDFB}.Debug|iPhoneSimulator.ActiveCfg = Debug|Any CPU
		{3A98AB28-D4CC-46F7-9ECF-F51D4076FDFB}.Debug|iPhoneSimulator.Build.0 = Debug|Any CPU
		{3A98AB28-D4CC-46F7-9ECF-F51D4076FDFB}.Debug|x64.ActiveCfg = Debug|Any CPU
		{3A98AB28-D4CC-46F7-9ECF-F51D4076FDFB}.Debug|x64.Build.0 = Debug|Any CPU
		{3A98AB28-D4CC-46F7-9ECF-F51D4076FDFB}.Debug|x86.ActiveCfg = Debug|Any CPU
		{3A98AB28-D4CC-46F7-9ECF-F51D4076FDFB}.Debug|x86.Build.0 = Debug|Any CPU
		{3A98AB28-D4CC-46F7-9ECF-F51D4076FDFB}.Release|Any CPU.ActiveCfg = Release|Any CPU
		{3A98AB28-D4CC-46F7-9ECF-F51D4076FDFB}.Release|Any CPU.Build.0 = Release|Any CPU
		{3A98AB28-D4CC-46F7-9ECF-F51D4076FDFB}.Release|ARM.ActiveCfg = Release|Any CPU
		{3A98AB28-D4CC-46F7-9ECF-F51D4076FDFB}.Release|ARM.Build.0 = Release|Any CPU
		{3A98AB28-D4CC-46F7-9ECF-F51D4076FDFB}.Release|iPhone.ActiveCfg = Release|Any CPU
		{3A98AB28-D4CC-46F7-9ECF-F51D4076FDFB}.Release|iPhone.Build.0 = Release|Any CPU
		{3A98AB28-D4CC-46F7-9ECF-F51D4076FDFB}.Release|iPhoneSimulator.ActiveCfg = Release|Any CPU
		{3A98AB28-D4CC-46F7-9ECF-F51D4076FDFB}.Release|iPhoneSimulator.Build.0 = Release|Any CPU
		{3A98AB28-D4CC-46F7-9ECF-F51D4076FDFB}.Release|x64.ActiveCfg = Release|Any CPU
		{3A98AB28-D4CC-46F7-9ECF-F51D4076FDFB}.Release|x64.Build.0 = Release|Any CPU
		{3A98AB28-D4CC-46F7-9ECF-F51D4076FDFB}.Release|x86.ActiveCfg = Release|Any CPU
		{3A98AB28-D4CC-46F7-9ECF-F51D4076FDFB}.Release|x86.Build.0 = Release|Any CPU
		{3BE38450-8046-4C6A-AF1F-B9503443C804}.Ad-Hoc|Any CPU.ActiveCfg = Release|Any CPU
		{3BE38450-8046-4C6A-AF1F-B9503443C804}.Ad-Hoc|Any CPU.Build.0 = Release|Any CPU
		{3BE38450-8046-4C6A-AF1F-B9503443C804}.Ad-Hoc|ARM.ActiveCfg = Release|Any CPU
		{3BE38450-8046-4C6A-AF1F-B9503443C804}.Ad-Hoc|ARM.Build.0 = Release|Any CPU
		{3BE38450-8046-4C6A-AF1F-B9503443C804}.Ad-Hoc|iPhone.ActiveCfg = Release|Any CPU
		{3BE38450-8046-4C6A-AF1F-B9503443C804}.Ad-Hoc|iPhone.Build.0 = Release|Any CPU
		{3BE38450-8046-4C6A-AF1F-B9503443C804}.Ad-Hoc|iPhoneSimulator.ActiveCfg = Release|Any CPU
		{3BE38450-8046-4C6A-AF1F-B9503443C804}.Ad-Hoc|iPhoneSimulator.Build.0 = Release|Any CPU
		{3BE38450-8046-4C6A-AF1F-B9503443C804}.Ad-Hoc|x64.ActiveCfg = Release|Any CPU
		{3BE38450-8046-4C6A-AF1F-B9503443C804}.Ad-Hoc|x64.Build.0 = Release|Any CPU
		{3BE38450-8046-4C6A-AF1F-B9503443C804}.Ad-Hoc|x86.ActiveCfg = Release|Any CPU
		{3BE38450-8046-4C6A-AF1F-B9503443C804}.Ad-Hoc|x86.Build.0 = Release|Any CPU
		{3BE38450-8046-4C6A-AF1F-B9503443C804}.AppStore|Any CPU.ActiveCfg = Release|Any CPU
		{3BE38450-8046-4C6A-AF1F-B9503443C804}.AppStore|Any CPU.Build.0 = Release|Any CPU
		{3BE38450-8046-4C6A-AF1F-B9503443C804}.AppStore|ARM.ActiveCfg = Release|Any CPU
		{3BE38450-8046-4C6A-AF1F-B9503443C804}.AppStore|ARM.Build.0 = Release|Any CPU
		{3BE38450-8046-4C6A-AF1F-B9503443C804}.AppStore|iPhone.ActiveCfg = Release|Any CPU
		{3BE38450-8046-4C6A-AF1F-B9503443C804}.AppStore|iPhone.Build.0 = Release|Any CPU
		{3BE38450-8046-4C6A-AF1F-B9503443C804}.AppStore|iPhoneSimulator.ActiveCfg = Release|Any CPU
		{3BE38450-8046-4C6A-AF1F-B9503443C804}.AppStore|iPhoneSimulator.Build.0 = Release|Any CPU
		{3BE38450-8046-4C6A-AF1F-B9503443C804}.AppStore|x64.ActiveCfg = Release|Any CPU
		{3BE38450-8046-4C6A-AF1F-B9503443C804}.AppStore|x64.Build.0 = Release|Any CPU
		{3BE38450-8046-4C6A-AF1F-B9503443C804}.AppStore|x86.ActiveCfg = Release|Any CPU
		{3BE38450-8046-4C6A-AF1F-B9503443C804}.AppStore|x86.Build.0 = Release|Any CPU
		{3BE38450-8046-4C6A-AF1F-B9503443C804}.Debug|Any CPU.ActiveCfg = Debug|Any CPU
		{3BE38450-8046-4C6A-AF1F-B9503443C804}.Debug|Any CPU.Build.0 = Debug|Any CPU
		{3BE38450-8046-4C6A-AF1F-B9503443C804}.Debug|ARM.ActiveCfg = Debug|Any CPU
		{3BE38450-8046-4C6A-AF1F-B9503443C804}.Debug|ARM.Build.0 = Debug|Any CPU
		{3BE38450-8046-4C6A-AF1F-B9503443C804}.Debug|iPhone.ActiveCfg = Debug|Any CPU
		{3BE38450-8046-4C6A-AF1F-B9503443C804}.Debug|iPhone.Build.0 = Debug|Any CPU
		{3BE38450-8046-4C6A-AF1F-B9503443C804}.Debug|iPhoneSimulator.ActiveCfg = Debug|Any CPU
		{3BE38450-8046-4C6A-AF1F-B9503443C804}.Debug|iPhoneSimulator.Build.0 = Debug|Any CPU
		{3BE38450-8046-4C6A-AF1F-B9503443C804}.Debug|x64.ActiveCfg = Debug|Any CPU
		{3BE38450-8046-4C6A-AF1F-B9503443C804}.Debug|x64.Build.0 = Debug|Any CPU
		{3BE38450-8046-4C6A-AF1F-B9503443C804}.Debug|x86.ActiveCfg = Debug|Any CPU
		{3BE38450-8046-4C6A-AF1F-B9503443C804}.Debug|x86.Build.0 = Debug|Any CPU
		{3BE38450-8046-4C6A-AF1F-B9503443C804}.Release|Any CPU.ActiveCfg = Release|Any CPU
		{3BE38450-8046-4C6A-AF1F-B9503443C804}.Release|Any CPU.Build.0 = Release|Any CPU
		{3BE38450-8046-4C6A-AF1F-B9503443C804}.Release|ARM.ActiveCfg = Release|Any CPU
		{3BE38450-8046-4C6A-AF1F-B9503443C804}.Release|ARM.Build.0 = Release|Any CPU
		{3BE38450-8046-4C6A-AF1F-B9503443C804}.Release|iPhone.ActiveCfg = Release|Any CPU
		{3BE38450-8046-4C6A-AF1F-B9503443C804}.Release|iPhone.Build.0 = Release|Any CPU
		{3BE38450-8046-4C6A-AF1F-B9503443C804}.Release|iPhoneSimulator.ActiveCfg = Release|Any CPU
		{3BE38450-8046-4C6A-AF1F-B9503443C804}.Release|iPhoneSimulator.Build.0 = Release|Any CPU
		{3BE38450-8046-4C6A-AF1F-B9503443C804}.Release|x64.ActiveCfg = Release|Any CPU
		{3BE38450-8046-4C6A-AF1F-B9503443C804}.Release|x64.Build.0 = Release|Any CPU
		{3BE38450-8046-4C6A-AF1F-B9503443C804}.Release|x86.ActiveCfg = Release|Any CPU
		{3BE38450-8046-4C6A-AF1F-B9503443C804}.Release|x86.Build.0 = Release|Any CPU
		{995C82AC-B148-41D4-92FB-769D0B17154A}.Ad-Hoc|Any CPU.ActiveCfg = Release|Any CPU
		{995C82AC-B148-41D4-92FB-769D0B17154A}.Ad-Hoc|Any CPU.Build.0 = Release|Any CPU
		{995C82AC-B148-41D4-92FB-769D0B17154A}.Ad-Hoc|ARM.ActiveCfg = Release|Any CPU
		{995C82AC-B148-41D4-92FB-769D0B17154A}.Ad-Hoc|ARM.Build.0 = Release|Any CPU
		{995C82AC-B148-41D4-92FB-769D0B17154A}.Ad-Hoc|iPhone.ActiveCfg = Release|Any CPU
		{995C82AC-B148-41D4-92FB-769D0B17154A}.Ad-Hoc|iPhone.Build.0 = Release|Any CPU
		{995C82AC-B148-41D4-92FB-769D0B17154A}.Ad-Hoc|iPhoneSimulator.ActiveCfg = Release|Any CPU
		{995C82AC-B148-41D4-92FB-769D0B17154A}.Ad-Hoc|iPhoneSimulator.Build.0 = Release|Any CPU
		{995C82AC-B148-41D4-92FB-769D0B17154A}.Ad-Hoc|x64.ActiveCfg = Release|Any CPU
		{995C82AC-B148-41D4-92FB-769D0B17154A}.Ad-Hoc|x64.Build.0 = Release|Any CPU
		{995C82AC-B148-41D4-92FB-769D0B17154A}.Ad-Hoc|x86.ActiveCfg = Release|Any CPU
		{995C82AC-B148-41D4-92FB-769D0B17154A}.Ad-Hoc|x86.Build.0 = Release|Any CPU
		{995C82AC-B148-41D4-92FB-769D0B17154A}.AppStore|Any CPU.ActiveCfg = Release|Any CPU
		{995C82AC-B148-41D4-92FB-769D0B17154A}.AppStore|Any CPU.Build.0 = Release|Any CPU
		{995C82AC-B148-41D4-92FB-769D0B17154A}.AppStore|ARM.ActiveCfg = Release|Any CPU
		{995C82AC-B148-41D4-92FB-769D0B17154A}.AppStore|ARM.Build.0 = Release|Any CPU
		{995C82AC-B148-41D4-92FB-769D0B17154A}.AppStore|iPhone.ActiveCfg = Release|Any CPU
		{995C82AC-B148-41D4-92FB-769D0B17154A}.AppStore|iPhone.Build.0 = Release|Any CPU
		{995C82AC-B148-41D4-92FB-769D0B17154A}.AppStore|iPhoneSimulator.ActiveCfg = Release|Any CPU
		{995C82AC-B148-41D4-92FB-769D0B17154A}.AppStore|iPhoneSimulator.Build.0 = Release|Any CPU
		{995C82AC-B148-41D4-92FB-769D0B17154A}.AppStore|x64.ActiveCfg = Release|Any CPU
		{995C82AC-B148-41D4-92FB-769D0B17154A}.AppStore|x64.Build.0 = Release|Any CPU
		{995C82AC-B148-41D4-92FB-769D0B17154A}.AppStore|x86.ActiveCfg = Release|Any CPU
		{995C82AC-B148-41D4-92FB-769D0B17154A}.AppStore|x86.Build.0 = Release|Any CPU
		{995C82AC-B148-41D4-92FB-769D0B17154A}.Debug|Any CPU.ActiveCfg = Debug|Any CPU
		{995C82AC-B148-41D4-92FB-769D0B17154A}.Debug|Any CPU.Build.0 = Debug|Any CPU
		{995C82AC-B148-41D4-92FB-769D0B17154A}.Debug|ARM.ActiveCfg = Debug|Any CPU
		{995C82AC-B148-41D4-92FB-769D0B17154A}.Debug|ARM.Build.0 = Debug|Any CPU
		{995C82AC-B148-41D4-92FB-769D0B17154A}.Debug|iPhone.ActiveCfg = Debug|Any CPU
		{995C82AC-B148-41D4-92FB-769D0B17154A}.Debug|iPhone.Build.0 = Debug|Any CPU
		{995C82AC-B148-41D4-92FB-769D0B17154A}.Debug|iPhoneSimulator.ActiveCfg = Debug|Any CPU
		{995C82AC-B148-41D4-92FB-769D0B17154A}.Debug|iPhoneSimulator.Build.0 = Debug|Any CPU
		{995C82AC-B148-41D4-92FB-769D0B17154A}.Debug|x64.ActiveCfg = Debug|Any CPU
		{995C82AC-B148-41D4-92FB-769D0B17154A}.Debug|x64.Build.0 = Debug|Any CPU
		{995C82AC-B148-41D4-92FB-769D0B17154A}.Debug|x86.ActiveCfg = Debug|Any CPU
		{995C82AC-B148-41D4-92FB-769D0B17154A}.Debug|x86.Build.0 = Debug|Any CPU
		{995C82AC-B148-41D4-92FB-769D0B17154A}.Release|Any CPU.ActiveCfg = Release|Any CPU
		{995C82AC-B148-41D4-92FB-769D0B17154A}.Release|Any CPU.Build.0 = Release|Any CPU
		{995C82AC-B148-41D4-92FB-769D0B17154A}.Release|ARM.ActiveCfg = Release|Any CPU
		{995C82AC-B148-41D4-92FB-769D0B17154A}.Release|ARM.Build.0 = Release|Any CPU
		{995C82AC-B148-41D4-92FB-769D0B17154A}.Release|iPhone.ActiveCfg = Release|Any CPU
		{995C82AC-B148-41D4-92FB-769D0B17154A}.Release|iPhone.Build.0 = Release|Any CPU
		{995C82AC-B148-41D4-92FB-769D0B17154A}.Release|iPhoneSimulator.ActiveCfg = Release|Any CPU
		{995C82AC-B148-41D4-92FB-769D0B17154A}.Release|iPhoneSimulator.Build.0 = Release|Any CPU
		{995C82AC-B148-41D4-92FB-769D0B17154A}.Release|x64.ActiveCfg = Release|Any CPU
		{995C82AC-B148-41D4-92FB-769D0B17154A}.Release|x64.Build.0 = Release|Any CPU
		{995C82AC-B148-41D4-92FB-769D0B17154A}.Release|x86.ActiveCfg = Release|Any CPU
		{995C82AC-B148-41D4-92FB-769D0B17154A}.Release|x86.Build.0 = Release|Any CPU
		{7E68D5DC-217C-44A0-84C0-D8CCAE14081D}.Ad-Hoc|Any CPU.ActiveCfg = Release|Any CPU
		{7E68D5DC-217C-44A0-84C0-D8CCAE14081D}.Ad-Hoc|Any CPU.Build.0 = Release|Any CPU
		{7E68D5DC-217C-44A0-84C0-D8CCAE14081D}.Ad-Hoc|ARM.ActiveCfg = Release|Any CPU
		{7E68D5DC-217C-44A0-84C0-D8CCAE14081D}.Ad-Hoc|ARM.Build.0 = Release|Any CPU
		{7E68D5DC-217C-44A0-84C0-D8CCAE14081D}.Ad-Hoc|iPhone.ActiveCfg = Release|Any CPU
		{7E68D5DC-217C-44A0-84C0-D8CCAE14081D}.Ad-Hoc|iPhone.Build.0 = Release|Any CPU
		{7E68D5DC-217C-44A0-84C0-D8CCAE14081D}.Ad-Hoc|iPhoneSimulator.ActiveCfg = Release|Any CPU
		{7E68D5DC-217C-44A0-84C0-D8CCAE14081D}.Ad-Hoc|iPhoneSimulator.Build.0 = Release|Any CPU
		{7E68D5DC-217C-44A0-84C0-D8CCAE14081D}.Ad-Hoc|x64.ActiveCfg = Release|Any CPU
		{7E68D5DC-217C-44A0-84C0-D8CCAE14081D}.Ad-Hoc|x64.Build.0 = Release|Any CPU
		{7E68D5DC-217C-44A0-84C0-D8CCAE14081D}.Ad-Hoc|x86.ActiveCfg = Release|Any CPU
		{7E68D5DC-217C-44A0-84C0-D8CCAE14081D}.Ad-Hoc|x86.Build.0 = Release|Any CPU
		{7E68D5DC-217C-44A0-84C0-D8CCAE14081D}.AppStore|Any CPU.ActiveCfg = Release|Any CPU
		{7E68D5DC-217C-44A0-84C0-D8CCAE14081D}.AppStore|Any CPU.Build.0 = Release|Any CPU
		{7E68D5DC-217C-44A0-84C0-D8CCAE14081D}.AppStore|ARM.ActiveCfg = Release|Any CPU
		{7E68D5DC-217C-44A0-84C0-D8CCAE14081D}.AppStore|ARM.Build.0 = Release|Any CPU
		{7E68D5DC-217C-44A0-84C0-D8CCAE14081D}.AppStore|iPhone.ActiveCfg = Release|Any CPU
		{7E68D5DC-217C-44A0-84C0-D8CCAE14081D}.AppStore|iPhone.Build.0 = Release|Any CPU
		{7E68D5DC-217C-44A0-84C0-D8CCAE14081D}.AppStore|iPhoneSimulator.ActiveCfg = Release|Any CPU
		{7E68D5DC-217C-44A0-84C0-D8CCAE14081D}.AppStore|iPhoneSimulator.Build.0 = Release|Any CPU
		{7E68D5DC-217C-44A0-84C0-D8CCAE14081D}.AppStore|x64.ActiveCfg = Release|Any CPU
		{7E68D5DC-217C-44A0-84C0-D8CCAE14081D}.AppStore|x64.Build.0 = Release|Any CPU
		{7E68D5DC-217C-44A0-84C0-D8CCAE14081D}.AppStore|x86.ActiveCfg = Release|Any CPU
		{7E68D5DC-217C-44A0-84C0-D8CCAE14081D}.AppStore|x86.Build.0 = Release|Any CPU
		{7E68D5DC-217C-44A0-84C0-D8CCAE14081D}.Debug|Any CPU.ActiveCfg = Debug|Any CPU
		{7E68D5DC-217C-44A0-84C0-D8CCAE14081D}.Debug|Any CPU.Build.0 = Debug|Any CPU
		{7E68D5DC-217C-44A0-84C0-D8CCAE14081D}.Debug|ARM.ActiveCfg = Debug|Any CPU
		{7E68D5DC-217C-44A0-84C0-D8CCAE14081D}.Debug|ARM.Build.0 = Debug|Any CPU
		{7E68D5DC-217C-44A0-84C0-D8CCAE14081D}.Debug|iPhone.ActiveCfg = Debug|Any CPU
		{7E68D5DC-217C-44A0-84C0-D8CCAE14081D}.Debug|iPhone.Build.0 = Debug|Any CPU
		{7E68D5DC-217C-44A0-84C0-D8CCAE14081D}.Debug|iPhoneSimulator.ActiveCfg = Debug|Any CPU
		{7E68D5DC-217C-44A0-84C0-D8CCAE14081D}.Debug|iPhoneSimulator.Build.0 = Debug|Any CPU
		{7E68D5DC-217C-44A0-84C0-D8CCAE14081D}.Debug|x64.ActiveCfg = Debug|Any CPU
		{7E68D5DC-217C-44A0-84C0-D8CCAE14081D}.Debug|x64.Build.0 = Debug|Any CPU
		{7E68D5DC-217C-44A0-84C0-D8CCAE14081D}.Debug|x86.ActiveCfg = Debug|Any CPU
		{7E68D5DC-217C-44A0-84C0-D8CCAE14081D}.Debug|x86.Build.0 = Debug|Any CPU
		{7E68D5DC-217C-44A0-84C0-D8CCAE14081D}.Release|Any CPU.ActiveCfg = Release|Any CPU
		{7E68D5DC-217C-44A0-84C0-D8CCAE14081D}.Release|Any CPU.Build.0 = Release|Any CPU
		{7E68D5DC-217C-44A0-84C0-D8CCAE14081D}.Release|ARM.ActiveCfg = Release|Any CPU
		{7E68D5DC-217C-44A0-84C0-D8CCAE14081D}.Release|ARM.Build.0 = Release|Any CPU
		{7E68D5DC-217C-44A0-84C0-D8CCAE14081D}.Release|iPhone.ActiveCfg = Release|Any CPU
		{7E68D5DC-217C-44A0-84C0-D8CCAE14081D}.Release|iPhone.Build.0 = Release|Any CPU
		{7E68D5DC-217C-44A0-84C0-D8CCAE14081D}.Release|iPhoneSimulator.ActiveCfg = Release|Any CPU
		{7E68D5DC-217C-44A0-84C0-D8CCAE14081D}.Release|iPhoneSimulator.Build.0 = Release|Any CPU
		{7E68D5DC-217C-44A0-84C0-D8CCAE14081D}.Release|x64.ActiveCfg = Release|Any CPU
		{7E68D5DC-217C-44A0-84C0-D8CCAE14081D}.Release|x64.Build.0 = Release|Any CPU
		{7E68D5DC-217C-44A0-84C0-D8CCAE14081D}.Release|x86.ActiveCfg = Release|Any CPU
		{7E68D5DC-217C-44A0-84C0-D8CCAE14081D}.Release|x86.Build.0 = Release|Any CPU
		{690FB7CE-105D-4D49-AA88-F9CA85FF52A7}.Ad-Hoc|Any CPU.ActiveCfg = Release|Any CPU
		{690FB7CE-105D-4D49-AA88-F9CA85FF52A7}.Ad-Hoc|Any CPU.Build.0 = Release|Any CPU
		{690FB7CE-105D-4D49-AA88-F9CA85FF52A7}.Ad-Hoc|ARM.ActiveCfg = Release|Any CPU
		{690FB7CE-105D-4D49-AA88-F9CA85FF52A7}.Ad-Hoc|ARM.Build.0 = Release|Any CPU
		{690FB7CE-105D-4D49-AA88-F9CA85FF52A7}.Ad-Hoc|iPhone.ActiveCfg = Release|Any CPU
		{690FB7CE-105D-4D49-AA88-F9CA85FF52A7}.Ad-Hoc|iPhone.Build.0 = Release|Any CPU
		{690FB7CE-105D-4D49-AA88-F9CA85FF52A7}.Ad-Hoc|iPhoneSimulator.ActiveCfg = Release|Any CPU
		{690FB7CE-105D-4D49-AA88-F9CA85FF52A7}.Ad-Hoc|iPhoneSimulator.Build.0 = Release|Any CPU
		{690FB7CE-105D-4D49-AA88-F9CA85FF52A7}.Ad-Hoc|x64.ActiveCfg = Release|Any CPU
		{690FB7CE-105D-4D49-AA88-F9CA85FF52A7}.Ad-Hoc|x64.Build.0 = Release|Any CPU
		{690FB7CE-105D-4D49-AA88-F9CA85FF52A7}.Ad-Hoc|x86.ActiveCfg = Release|Any CPU
		{690FB7CE-105D-4D49-AA88-F9CA85FF52A7}.Ad-Hoc|x86.Build.0 = Release|Any CPU
		{690FB7CE-105D-4D49-AA88-F9CA85FF52A7}.AppStore|Any CPU.ActiveCfg = Release|Any CPU
		{690FB7CE-105D-4D49-AA88-F9CA85FF52A7}.AppStore|Any CPU.Build.0 = Release|Any CPU
		{690FB7CE-105D-4D49-AA88-F9CA85FF52A7}.AppStore|ARM.ActiveCfg = Release|Any CPU
		{690FB7CE-105D-4D49-AA88-F9CA85FF52A7}.AppStore|ARM.Build.0 = Release|Any CPU
		{690FB7CE-105D-4D49-AA88-F9CA85FF52A7}.AppStore|iPhone.ActiveCfg = Release|Any CPU
		{690FB7CE-105D-4D49-AA88-F9CA85FF52A7}.AppStore|iPhone.Build.0 = Release|Any CPU
		{690FB7CE-105D-4D49-AA88-F9CA85FF52A7}.AppStore|iPhoneSimulator.ActiveCfg = Release|Any CPU
		{690FB7CE-105D-4D49-AA88-F9CA85FF52A7}.AppStore|iPhoneSimulator.Build.0 = Release|Any CPU
		{690FB7CE-105D-4D49-AA88-F9CA85FF52A7}.AppStore|x64.ActiveCfg = Release|Any CPU
		{690FB7CE-105D-4D49-AA88-F9CA85FF52A7}.AppStore|x64.Build.0 = Release|Any CPU
		{690FB7CE-105D-4D49-AA88-F9CA85FF52A7}.AppStore|x86.ActiveCfg = Release|Any CPU
		{690FB7CE-105D-4D49-AA88-F9CA85FF52A7}.AppStore|x86.Build.0 = Release|Any CPU
		{690FB7CE-105D-4D49-AA88-F9CA85FF52A7}.Debug|Any CPU.ActiveCfg = Debug|Any CPU
		{690FB7CE-105D-4D49-AA88-F9CA85FF52A7}.Debug|Any CPU.Build.0 = Debug|Any CPU
		{690FB7CE-105D-4D49-AA88-F9CA85FF52A7}.Debug|ARM.ActiveCfg = Debug|Any CPU
		{690FB7CE-105D-4D49-AA88-F9CA85FF52A7}.Debug|ARM.Build.0 = Debug|Any CPU
		{690FB7CE-105D-4D49-AA88-F9CA85FF52A7}.Debug|iPhone.ActiveCfg = Debug|Any CPU
		{690FB7CE-105D-4D49-AA88-F9CA85FF52A7}.Debug|iPhone.Build.0 = Debug|Any CPU
		{690FB7CE-105D-4D49-AA88-F9CA85FF52A7}.Debug|iPhoneSimulator.ActiveCfg = Debug|Any CPU
		{690FB7CE-105D-4D49-AA88-F9CA85FF52A7}.Debug|iPhoneSimulator.Build.0 = Debug|Any CPU
		{690FB7CE-105D-4D49-AA88-F9CA85FF52A7}.Debug|x64.ActiveCfg = Debug|Any CPU
		{690FB7CE-105D-4D49-AA88-F9CA85FF52A7}.Debug|x64.Build.0 = Debug|Any CPU
		{690FB7CE-105D-4D49-AA88-F9CA85FF52A7}.Debug|x86.ActiveCfg = Debug|Any CPU
		{690FB7CE-105D-4D49-AA88-F9CA85FF52A7}.Debug|x86.Build.0 = Debug|Any CPU
		{690FB7CE-105D-4D49-AA88-F9CA85FF52A7}.Release|Any CPU.ActiveCfg = Release|Any CPU
		{690FB7CE-105D-4D49-AA88-F9CA85FF52A7}.Release|Any CPU.Build.0 = Release|Any CPU
		{690FB7CE-105D-4D49-AA88-F9CA85FF52A7}.Release|ARM.ActiveCfg = Release|Any CPU
		{690FB7CE-105D-4D49-AA88-F9CA85FF52A7}.Release|ARM.Build.0 = Release|Any CPU
		{690FB7CE-105D-4D49-AA88-F9CA85FF52A7}.Release|iPhone.ActiveCfg = Release|Any CPU
		{690FB7CE-105D-4D49-AA88-F9CA85FF52A7}.Release|iPhone.Build.0 = Release|Any CPU
		{690FB7CE-105D-4D49-AA88-F9CA85FF52A7}.Release|iPhoneSimulator.ActiveCfg = Release|Any CPU
		{690FB7CE-105D-4D49-AA88-F9CA85FF52A7}.Release|iPhoneSimulator.Build.0 = Release|Any CPU
		{690FB7CE-105D-4D49-AA88-F9CA85FF52A7}.Release|x64.ActiveCfg = Release|Any CPU
		{690FB7CE-105D-4D49-AA88-F9CA85FF52A7}.Release|x64.Build.0 = Release|Any CPU
		{690FB7CE-105D-4D49-AA88-F9CA85FF52A7}.Release|x86.ActiveCfg = Release|Any CPU
		{690FB7CE-105D-4D49-AA88-F9CA85FF52A7}.Release|x86.Build.0 = Release|Any CPU
		{E16C4D6A-9ADD-4EA0-B694-697D6051B26F}.Ad-Hoc|Any CPU.ActiveCfg = Release|Any CPU
		{E16C4D6A-9ADD-4EA0-B694-697D6051B26F}.Ad-Hoc|Any CPU.Build.0 = Release|Any CPU
		{E16C4D6A-9ADD-4EA0-B694-697D6051B26F}.Ad-Hoc|ARM.ActiveCfg = Release|Any CPU
		{E16C4D6A-9ADD-4EA0-B694-697D6051B26F}.Ad-Hoc|ARM.Build.0 = Release|Any CPU
		{E16C4D6A-9ADD-4EA0-B694-697D6051B26F}.Ad-Hoc|iPhone.ActiveCfg = Release|Any CPU
		{E16C4D6A-9ADD-4EA0-B694-697D6051B26F}.Ad-Hoc|iPhone.Build.0 = Release|Any CPU
		{E16C4D6A-9ADD-4EA0-B694-697D6051B26F}.Ad-Hoc|iPhoneSimulator.ActiveCfg = Release|Any CPU
		{E16C4D6A-9ADD-4EA0-B694-697D6051B26F}.Ad-Hoc|iPhoneSimulator.Build.0 = Release|Any CPU
		{E16C4D6A-9ADD-4EA0-B694-697D6051B26F}.Ad-Hoc|x64.ActiveCfg = Release|Any CPU
		{E16C4D6A-9ADD-4EA0-B694-697D6051B26F}.Ad-Hoc|x64.Build.0 = Release|Any CPU
		{E16C4D6A-9ADD-4EA0-B694-697D6051B26F}.Ad-Hoc|x86.ActiveCfg = Release|Any CPU
		{E16C4D6A-9ADD-4EA0-B694-697D6051B26F}.Ad-Hoc|x86.Build.0 = Release|Any CPU
		{E16C4D6A-9ADD-4EA0-B694-697D6051B26F}.AppStore|Any CPU.ActiveCfg = Release|Any CPU
		{E16C4D6A-9ADD-4EA0-B694-697D6051B26F}.AppStore|Any CPU.Build.0 = Release|Any CPU
		{E16C4D6A-9ADD-4EA0-B694-697D6051B26F}.AppStore|ARM.ActiveCfg = Release|Any CPU
		{E16C4D6A-9ADD-4EA0-B694-697D6051B26F}.AppStore|ARM.Build.0 = Release|Any CPU
		{E16C4D6A-9ADD-4EA0-B694-697D6051B26F}.AppStore|iPhone.ActiveCfg = Release|Any CPU
		{E16C4D6A-9ADD-4EA0-B694-697D6051B26F}.AppStore|iPhone.Build.0 = Release|Any CPU
		{E16C4D6A-9ADD-4EA0-B694-697D6051B26F}.AppStore|iPhoneSimulator.ActiveCfg = Release|Any CPU
		{E16C4D6A-9ADD-4EA0-B694-697D6051B26F}.AppStore|iPhoneSimulator.Build.0 = Release|Any CPU
		{E16C4D6A-9ADD-4EA0-B694-697D6051B26F}.AppStore|x64.ActiveCfg = Release|Any CPU
		{E16C4D6A-9ADD-4EA0-B694-697D6051B26F}.AppStore|x64.Build.0 = Release|Any CPU
		{E16C4D6A-9ADD-4EA0-B694-697D6051B26F}.AppStore|x86.ActiveCfg = Release|Any CPU
		{E16C4D6A-9ADD-4EA0-B694-697D6051B26F}.AppStore|x86.Build.0 = Release|Any CPU
		{E16C4D6A-9ADD-4EA0-B694-697D6051B26F}.Debug|Any CPU.ActiveCfg = Debug|Any CPU
		{E16C4D6A-9ADD-4EA0-B694-697D6051B26F}.Debug|Any CPU.Build.0 = Debug|Any CPU
		{E16C4D6A-9ADD-4EA0-B694-697D6051B26F}.Debug|ARM.ActiveCfg = Debug|Any CPU
		{E16C4D6A-9ADD-4EA0-B694-697D6051B26F}.Debug|ARM.Build.0 = Debug|Any CPU
		{E16C4D6A-9ADD-4EA0-B694-697D6051B26F}.Debug|iPhone.ActiveCfg = Debug|Any CPU
		{E16C4D6A-9ADD-4EA0-B694-697D6051B26F}.Debug|iPhone.Build.0 = Debug|Any CPU
		{E16C4D6A-9ADD-4EA0-B694-697D6051B26F}.Debug|iPhoneSimulator.ActiveCfg = Debug|Any CPU
		{E16C4D6A-9ADD-4EA0-B694-697D6051B26F}.Debug|iPhoneSimulator.Build.0 = Debug|Any CPU
		{E16C4D6A-9ADD-4EA0-B694-697D6051B26F}.Debug|x64.ActiveCfg = Debug|Any CPU
		{E16C4D6A-9ADD-4EA0-B694-697D6051B26F}.Debug|x64.Build.0 = Debug|Any CPU
		{E16C4D6A-9ADD-4EA0-B694-697D6051B26F}.Debug|x86.ActiveCfg = Debug|Any CPU
		{E16C4D6A-9ADD-4EA0-B694-697D6051B26F}.Debug|x86.Build.0 = Debug|Any CPU
		{E16C4D6A-9ADD-4EA0-B694-697D6051B26F}.Release|Any CPU.ActiveCfg = Release|Any CPU
		{E16C4D6A-9ADD-4EA0-B694-697D6051B26F}.Release|Any CPU.Build.0 = Release|Any CPU
		{E16C4D6A-9ADD-4EA0-B694-697D6051B26F}.Release|ARM.ActiveCfg = Release|Any CPU
		{E16C4D6A-9ADD-4EA0-B694-697D6051B26F}.Release|ARM.Build.0 = Release|Any CPU
		{E16C4D6A-9ADD-4EA0-B694-697D6051B26F}.Release|iPhone.ActiveCfg = Release|Any CPU
		{E16C4D6A-9ADD-4EA0-B694-697D6051B26F}.Release|iPhone.Build.0 = Release|Any CPU
		{E16C4D6A-9ADD-4EA0-B694-697D6051B26F}.Release|iPhoneSimulator.ActiveCfg = Release|Any CPU
		{E16C4D6A-9ADD-4EA0-B694-697D6051B26F}.Release|iPhoneSimulator.Build.0 = Release|Any CPU
		{E16C4D6A-9ADD-4EA0-B694-697D6051B26F}.Release|x64.ActiveCfg = Release|Any CPU
		{E16C4D6A-9ADD-4EA0-B694-697D6051B26F}.Release|x64.Build.0 = Release|Any CPU
		{E16C4D6A-9ADD-4EA0-B694-697D6051B26F}.Release|x86.ActiveCfg = Release|Any CPU
		{E16C4D6A-9ADD-4EA0-B694-697D6051B26F}.Release|x86.Build.0 = Release|Any CPU
		{3C0D7083-B9F3-4535-A692-0F42E4EA6D75}.Ad-Hoc|Any CPU.ActiveCfg = Release|Any CPU
		{3C0D7083-B9F3-4535-A692-0F42E4EA6D75}.Ad-Hoc|Any CPU.Build.0 = Release|Any CPU
		{3C0D7083-B9F3-4535-A692-0F42E4EA6D75}.Ad-Hoc|Any CPU.Deploy.0 = Release|Any CPU
		{3C0D7083-B9F3-4535-A692-0F42E4EA6D75}.Ad-Hoc|ARM.ActiveCfg = Release|Any CPU
		{3C0D7083-B9F3-4535-A692-0F42E4EA6D75}.Ad-Hoc|ARM.Build.0 = Release|Any CPU
		{3C0D7083-B9F3-4535-A692-0F42E4EA6D75}.Ad-Hoc|ARM.Deploy.0 = Release|Any CPU
		{3C0D7083-B9F3-4535-A692-0F42E4EA6D75}.Ad-Hoc|iPhone.ActiveCfg = Release|Any CPU
		{3C0D7083-B9F3-4535-A692-0F42E4EA6D75}.Ad-Hoc|iPhone.Build.0 = Release|Any CPU
		{3C0D7083-B9F3-4535-A692-0F42E4EA6D75}.Ad-Hoc|iPhone.Deploy.0 = Release|Any CPU
		{3C0D7083-B9F3-4535-A692-0F42E4EA6D75}.Ad-Hoc|iPhoneSimulator.ActiveCfg = Release|Any CPU
		{3C0D7083-B9F3-4535-A692-0F42E4EA6D75}.Ad-Hoc|iPhoneSimulator.Build.0 = Release|Any CPU
		{3C0D7083-B9F3-4535-A692-0F42E4EA6D75}.Ad-Hoc|iPhoneSimulator.Deploy.0 = Release|Any CPU
		{3C0D7083-B9F3-4535-A692-0F42E4EA6D75}.Ad-Hoc|x64.ActiveCfg = Release|Any CPU
		{3C0D7083-B9F3-4535-A692-0F42E4EA6D75}.Ad-Hoc|x64.Build.0 = Release|Any CPU
		{3C0D7083-B9F3-4535-A692-0F42E4EA6D75}.Ad-Hoc|x64.Deploy.0 = Release|Any CPU
		{3C0D7083-B9F3-4535-A692-0F42E4EA6D75}.Ad-Hoc|x86.ActiveCfg = Release|Any CPU
		{3C0D7083-B9F3-4535-A692-0F42E4EA6D75}.Ad-Hoc|x86.Build.0 = Release|Any CPU
		{3C0D7083-B9F3-4535-A692-0F42E4EA6D75}.Ad-Hoc|x86.Deploy.0 = Release|Any CPU
		{3C0D7083-B9F3-4535-A692-0F42E4EA6D75}.AppStore|Any CPU.ActiveCfg = Release|Any CPU
		{3C0D7083-B9F3-4535-A692-0F42E4EA6D75}.AppStore|Any CPU.Build.0 = Release|Any CPU
		{3C0D7083-B9F3-4535-A692-0F42E4EA6D75}.AppStore|Any CPU.Deploy.0 = Release|Any CPU
		{3C0D7083-B9F3-4535-A692-0F42E4EA6D75}.AppStore|ARM.ActiveCfg = Release|Any CPU
		{3C0D7083-B9F3-4535-A692-0F42E4EA6D75}.AppStore|ARM.Build.0 = Release|Any CPU
		{3C0D7083-B9F3-4535-A692-0F42E4EA6D75}.AppStore|ARM.Deploy.0 = Release|Any CPU
		{3C0D7083-B9F3-4535-A692-0F42E4EA6D75}.AppStore|iPhone.ActiveCfg = Release|Any CPU
		{3C0D7083-B9F3-4535-A692-0F42E4EA6D75}.AppStore|iPhone.Build.0 = Release|Any CPU
		{3C0D7083-B9F3-4535-A692-0F42E4EA6D75}.AppStore|iPhone.Deploy.0 = Release|Any CPU
		{3C0D7083-B9F3-4535-A692-0F42E4EA6D75}.AppStore|iPhoneSimulator.ActiveCfg = Release|Any CPU
		{3C0D7083-B9F3-4535-A692-0F42E4EA6D75}.AppStore|iPhoneSimulator.Build.0 = Release|Any CPU
		{3C0D7083-B9F3-4535-A692-0F42E4EA6D75}.AppStore|iPhoneSimulator.Deploy.0 = Release|Any CPU
		{3C0D7083-B9F3-4535-A692-0F42E4EA6D75}.AppStore|x64.ActiveCfg = Release|Any CPU
		{3C0D7083-B9F3-4535-A692-0F42E4EA6D75}.AppStore|x64.Build.0 = Release|Any CPU
		{3C0D7083-B9F3-4535-A692-0F42E4EA6D75}.AppStore|x64.Deploy.0 = Release|Any CPU
		{3C0D7083-B9F3-4535-A692-0F42E4EA6D75}.AppStore|x86.ActiveCfg = Release|Any CPU
		{3C0D7083-B9F3-4535-A692-0F42E4EA6D75}.AppStore|x86.Build.0 = Release|Any CPU
		{3C0D7083-B9F3-4535-A692-0F42E4EA6D75}.AppStore|x86.Deploy.0 = Release|Any CPU
		{3C0D7083-B9F3-4535-A692-0F42E4EA6D75}.Debug|Any CPU.ActiveCfg = Debug|Any CPU
		{3C0D7083-B9F3-4535-A692-0F42E4EA6D75}.Debug|Any CPU.Build.0 = Debug|Any CPU
		{3C0D7083-B9F3-4535-A692-0F42E4EA6D75}.Debug|Any CPU.Deploy.0 = Debug|Any CPU
		{3C0D7083-B9F3-4535-A692-0F42E4EA6D75}.Debug|ARM.ActiveCfg = Debug|Any CPU
		{3C0D7083-B9F3-4535-A692-0F42E4EA6D75}.Debug|ARM.Build.0 = Debug|Any CPU
		{3C0D7083-B9F3-4535-A692-0F42E4EA6D75}.Debug|ARM.Deploy.0 = Debug|Any CPU
		{3C0D7083-B9F3-4535-A692-0F42E4EA6D75}.Debug|iPhone.ActiveCfg = Debug|Any CPU
		{3C0D7083-B9F3-4535-A692-0F42E4EA6D75}.Debug|iPhone.Build.0 = Debug|Any CPU
		{3C0D7083-B9F3-4535-A692-0F42E4EA6D75}.Debug|iPhone.Deploy.0 = Debug|Any CPU
		{3C0D7083-B9F3-4535-A692-0F42E4EA6D75}.Debug|iPhoneSimulator.ActiveCfg = Debug|Any CPU
		{3C0D7083-B9F3-4535-A692-0F42E4EA6D75}.Debug|iPhoneSimulator.Build.0 = Debug|Any CPU
		{3C0D7083-B9F3-4535-A692-0F42E4EA6D75}.Debug|iPhoneSimulator.Deploy.0 = Debug|Any CPU
		{3C0D7083-B9F3-4535-A692-0F42E4EA6D75}.Debug|x64.ActiveCfg = Debug|Any CPU
		{3C0D7083-B9F3-4535-A692-0F42E4EA6D75}.Debug|x64.Build.0 = Debug|Any CPU
		{3C0D7083-B9F3-4535-A692-0F42E4EA6D75}.Debug|x64.Deploy.0 = Debug|Any CPU
		{3C0D7083-B9F3-4535-A692-0F42E4EA6D75}.Debug|x86.ActiveCfg = Debug|Any CPU
		{3C0D7083-B9F3-4535-A692-0F42E4EA6D75}.Debug|x86.Build.0 = Debug|Any CPU
		{3C0D7083-B9F3-4535-A692-0F42E4EA6D75}.Debug|x86.Deploy.0 = Debug|Any CPU
		{3C0D7083-B9F3-4535-A692-0F42E4EA6D75}.Release|Any CPU.ActiveCfg = Release|Any CPU
		{3C0D7083-B9F3-4535-A692-0F42E4EA6D75}.Release|Any CPU.Build.0 = Release|Any CPU
		{3C0D7083-B9F3-4535-A692-0F42E4EA6D75}.Release|Any CPU.Deploy.0 = Release|Any CPU
		{3C0D7083-B9F3-4535-A692-0F42E4EA6D75}.Release|ARM.ActiveCfg = Release|Any CPU
		{3C0D7083-B9F3-4535-A692-0F42E4EA6D75}.Release|ARM.Build.0 = Release|Any CPU
		{3C0D7083-B9F3-4535-A692-0F42E4EA6D75}.Release|ARM.Deploy.0 = Release|Any CPU
		{3C0D7083-B9F3-4535-A692-0F42E4EA6D75}.Release|iPhone.ActiveCfg = Release|Any CPU
		{3C0D7083-B9F3-4535-A692-0F42E4EA6D75}.Release|iPhone.Build.0 = Release|Any CPU
		{3C0D7083-B9F3-4535-A692-0F42E4EA6D75}.Release|iPhone.Deploy.0 = Release|Any CPU
		{3C0D7083-B9F3-4535-A692-0F42E4EA6D75}.Release|iPhoneSimulator.ActiveCfg = Release|Any CPU
		{3C0D7083-B9F3-4535-A692-0F42E4EA6D75}.Release|iPhoneSimulator.Build.0 = Release|Any CPU
		{3C0D7083-B9F3-4535-A692-0F42E4EA6D75}.Release|iPhoneSimulator.Deploy.0 = Release|Any CPU
		{3C0D7083-B9F3-4535-A692-0F42E4EA6D75}.Release|x64.ActiveCfg = Release|Any CPU
		{3C0D7083-B9F3-4535-A692-0F42E4EA6D75}.Release|x64.Build.0 = Release|Any CPU
		{3C0D7083-B9F3-4535-A692-0F42E4EA6D75}.Release|x64.Deploy.0 = Release|Any CPU
		{3C0D7083-B9F3-4535-A692-0F42E4EA6D75}.Release|x86.ActiveCfg = Release|Any CPU
		{3C0D7083-B9F3-4535-A692-0F42E4EA6D75}.Release|x86.Build.0 = Release|Any CPU
		{3C0D7083-B9F3-4535-A692-0F42E4EA6D75}.Release|x86.Deploy.0 = Release|Any CPU
		{42F627D6-29FC-449F-9CC8-A59199928206}.Ad-Hoc|Any CPU.ActiveCfg = Release|Any CPU
		{42F627D6-29FC-449F-9CC8-A59199928206}.Ad-Hoc|Any CPU.Build.0 = Release|Any CPU
		{42F627D6-29FC-449F-9CC8-A59199928206}.Ad-Hoc|ARM.ActiveCfg = Release|Any CPU
		{42F627D6-29FC-449F-9CC8-A59199928206}.Ad-Hoc|ARM.Build.0 = Release|Any CPU
		{42F627D6-29FC-449F-9CC8-A59199928206}.Ad-Hoc|iPhone.ActiveCfg = Release|Any CPU
		{42F627D6-29FC-449F-9CC8-A59199928206}.Ad-Hoc|iPhone.Build.0 = Release|Any CPU
		{42F627D6-29FC-449F-9CC8-A59199928206}.Ad-Hoc|iPhoneSimulator.ActiveCfg = Release|Any CPU
		{42F627D6-29FC-449F-9CC8-A59199928206}.Ad-Hoc|iPhoneSimulator.Build.0 = Release|Any CPU
		{42F627D6-29FC-449F-9CC8-A59199928206}.Ad-Hoc|x64.ActiveCfg = Release|Any CPU
		{42F627D6-29FC-449F-9CC8-A59199928206}.Ad-Hoc|x64.Build.0 = Release|Any CPU
		{42F627D6-29FC-449F-9CC8-A59199928206}.Ad-Hoc|x86.ActiveCfg = Release|Any CPU
		{42F627D6-29FC-449F-9CC8-A59199928206}.Ad-Hoc|x86.Build.0 = Release|Any CPU
		{42F627D6-29FC-449F-9CC8-A59199928206}.AppStore|Any CPU.ActiveCfg = Release|Any CPU
		{42F627D6-29FC-449F-9CC8-A59199928206}.AppStore|Any CPU.Build.0 = Release|Any CPU
		{42F627D6-29FC-449F-9CC8-A59199928206}.AppStore|ARM.ActiveCfg = Release|Any CPU
		{42F627D6-29FC-449F-9CC8-A59199928206}.AppStore|ARM.Build.0 = Release|Any CPU
		{42F627D6-29FC-449F-9CC8-A59199928206}.AppStore|iPhone.ActiveCfg = Release|Any CPU
		{42F627D6-29FC-449F-9CC8-A59199928206}.AppStore|iPhone.Build.0 = Release|Any CPU
		{42F627D6-29FC-449F-9CC8-A59199928206}.AppStore|iPhoneSimulator.ActiveCfg = Release|Any CPU
		{42F627D6-29FC-449F-9CC8-A59199928206}.AppStore|iPhoneSimulator.Build.0 = Release|Any CPU
		{42F627D6-29FC-449F-9CC8-A59199928206}.AppStore|x64.ActiveCfg = Release|Any CPU
		{42F627D6-29FC-449F-9CC8-A59199928206}.AppStore|x64.Build.0 = Release|Any CPU
		{42F627D6-29FC-449F-9CC8-A59199928206}.AppStore|x86.ActiveCfg = Release|Any CPU
		{42F627D6-29FC-449F-9CC8-A59199928206}.AppStore|x86.Build.0 = Release|Any CPU
		{42F627D6-29FC-449F-9CC8-A59199928206}.Debug|Any CPU.ActiveCfg = Debug|Any CPU
		{42F627D6-29FC-449F-9CC8-A59199928206}.Debug|Any CPU.Build.0 = Debug|Any CPU
		{42F627D6-29FC-449F-9CC8-A59199928206}.Debug|ARM.ActiveCfg = Debug|Any CPU
		{42F627D6-29FC-449F-9CC8-A59199928206}.Debug|ARM.Build.0 = Debug|Any CPU
		{42F627D6-29FC-449F-9CC8-A59199928206}.Debug|iPhone.ActiveCfg = Debug|Any CPU
		{42F627D6-29FC-449F-9CC8-A59199928206}.Debug|iPhone.Build.0 = Debug|Any CPU
		{42F627D6-29FC-449F-9CC8-A59199928206}.Debug|iPhoneSimulator.ActiveCfg = Debug|Any CPU
		{42F627D6-29FC-449F-9CC8-A59199928206}.Debug|iPhoneSimulator.Build.0 = Debug|Any CPU
		{42F627D6-29FC-449F-9CC8-A59199928206}.Debug|x64.ActiveCfg = Debug|Any CPU
		{42F627D6-29FC-449F-9CC8-A59199928206}.Debug|x64.Build.0 = Debug|Any CPU
		{42F627D6-29FC-449F-9CC8-A59199928206}.Debug|x86.ActiveCfg = Debug|Any CPU
		{42F627D6-29FC-449F-9CC8-A59199928206}.Debug|x86.Build.0 = Debug|Any CPU
		{42F627D6-29FC-449F-9CC8-A59199928206}.Release|Any CPU.ActiveCfg = Release|Any CPU
		{42F627D6-29FC-449F-9CC8-A59199928206}.Release|Any CPU.Build.0 = Release|Any CPU
		{42F627D6-29FC-449F-9CC8-A59199928206}.Release|ARM.ActiveCfg = Release|Any CPU
		{42F627D6-29FC-449F-9CC8-A59199928206}.Release|ARM.Build.0 = Release|Any CPU
		{42F627D6-29FC-449F-9CC8-A59199928206}.Release|iPhone.ActiveCfg = Release|Any CPU
		{42F627D6-29FC-449F-9CC8-A59199928206}.Release|iPhone.Build.0 = Release|Any CPU
		{42F627D6-29FC-449F-9CC8-A59199928206}.Release|iPhoneSimulator.ActiveCfg = Release|Any CPU
		{42F627D6-29FC-449F-9CC8-A59199928206}.Release|iPhoneSimulator.Build.0 = Release|Any CPU
		{42F627D6-29FC-449F-9CC8-A59199928206}.Release|x64.ActiveCfg = Release|Any CPU
		{42F627D6-29FC-449F-9CC8-A59199928206}.Release|x64.Build.0 = Release|Any CPU
		{42F627D6-29FC-449F-9CC8-A59199928206}.Release|x86.ActiveCfg = Release|Any CPU
		{42F627D6-29FC-449F-9CC8-A59199928206}.Release|x86.Build.0 = Release|Any CPU
		{496387EB-8FAF-4E27-A756-BE6E8C31D1C4}.Ad-Hoc|Any CPU.ActiveCfg = Release|x86
		{496387EB-8FAF-4E27-A756-BE6E8C31D1C4}.Ad-Hoc|Any CPU.Build.0 = Release|x86
		{496387EB-8FAF-4E27-A756-BE6E8C31D1C4}.Ad-Hoc|Any CPU.Deploy.0 = Release|x86
		{496387EB-8FAF-4E27-A756-BE6E8C31D1C4}.Ad-Hoc|ARM.ActiveCfg = Release|ARM
		{496387EB-8FAF-4E27-A756-BE6E8C31D1C4}.Ad-Hoc|ARM.Build.0 = Release|ARM
		{496387EB-8FAF-4E27-A756-BE6E8C31D1C4}.Ad-Hoc|ARM.Deploy.0 = Release|ARM
		{496387EB-8FAF-4E27-A756-BE6E8C31D1C4}.Ad-Hoc|iPhone.ActiveCfg = Release|x86
		{496387EB-8FAF-4E27-A756-BE6E8C31D1C4}.Ad-Hoc|iPhone.Build.0 = Release|x86
		{496387EB-8FAF-4E27-A756-BE6E8C31D1C4}.Ad-Hoc|iPhone.Deploy.0 = Release|x86
		{496387EB-8FAF-4E27-A756-BE6E8C31D1C4}.Ad-Hoc|iPhoneSimulator.ActiveCfg = Release|x86
		{496387EB-8FAF-4E27-A756-BE6E8C31D1C4}.Ad-Hoc|iPhoneSimulator.Build.0 = Release|x86
		{496387EB-8FAF-4E27-A756-BE6E8C31D1C4}.Ad-Hoc|iPhoneSimulator.Deploy.0 = Release|x86
		{496387EB-8FAF-4E27-A756-BE6E8C31D1C4}.Ad-Hoc|x64.ActiveCfg = Release|x64
		{496387EB-8FAF-4E27-A756-BE6E8C31D1C4}.Ad-Hoc|x64.Build.0 = Release|x64
		{496387EB-8FAF-4E27-A756-BE6E8C31D1C4}.Ad-Hoc|x64.Deploy.0 = Release|x64
		{496387EB-8FAF-4E27-A756-BE6E8C31D1C4}.Ad-Hoc|x86.ActiveCfg = Release|x86
		{496387EB-8FAF-4E27-A756-BE6E8C31D1C4}.Ad-Hoc|x86.Build.0 = Release|x86
		{496387EB-8FAF-4E27-A756-BE6E8C31D1C4}.Ad-Hoc|x86.Deploy.0 = Release|x86
		{496387EB-8FAF-4E27-A756-BE6E8C31D1C4}.AppStore|Any CPU.ActiveCfg = Release|x86
		{496387EB-8FAF-4E27-A756-BE6E8C31D1C4}.AppStore|Any CPU.Build.0 = Release|x86
		{496387EB-8FAF-4E27-A756-BE6E8C31D1C4}.AppStore|Any CPU.Deploy.0 = Release|x86
		{496387EB-8FAF-4E27-A756-BE6E8C31D1C4}.AppStore|ARM.ActiveCfg = Release|ARM
		{496387EB-8FAF-4E27-A756-BE6E8C31D1C4}.AppStore|ARM.Build.0 = Release|ARM
		{496387EB-8FAF-4E27-A756-BE6E8C31D1C4}.AppStore|ARM.Deploy.0 = Release|ARM
		{496387EB-8FAF-4E27-A756-BE6E8C31D1C4}.AppStore|iPhone.ActiveCfg = Release|x86
		{496387EB-8FAF-4E27-A756-BE6E8C31D1C4}.AppStore|iPhone.Build.0 = Release|x86
		{496387EB-8FAF-4E27-A756-BE6E8C31D1C4}.AppStore|iPhone.Deploy.0 = Release|x86
		{496387EB-8FAF-4E27-A756-BE6E8C31D1C4}.AppStore|iPhoneSimulator.ActiveCfg = Release|x86
		{496387EB-8FAF-4E27-A756-BE6E8C31D1C4}.AppStore|iPhoneSimulator.Build.0 = Release|x86
		{496387EB-8FAF-4E27-A756-BE6E8C31D1C4}.AppStore|iPhoneSimulator.Deploy.0 = Release|x86
		{496387EB-8FAF-4E27-A756-BE6E8C31D1C4}.AppStore|x64.ActiveCfg = Release|x64
		{496387EB-8FAF-4E27-A756-BE6E8C31D1C4}.AppStore|x64.Build.0 = Release|x64
		{496387EB-8FAF-4E27-A756-BE6E8C31D1C4}.AppStore|x64.Deploy.0 = Release|x64
		{496387EB-8FAF-4E27-A756-BE6E8C31D1C4}.AppStore|x86.ActiveCfg = Release|x86
		{496387EB-8FAF-4E27-A756-BE6E8C31D1C4}.AppStore|x86.Build.0 = Release|x86
		{496387EB-8FAF-4E27-A756-BE6E8C31D1C4}.AppStore|x86.Deploy.0 = Release|x86
		{496387EB-8FAF-4E27-A756-BE6E8C31D1C4}.Debug|Any CPU.ActiveCfg = Debug|x86
		{496387EB-8FAF-4E27-A756-BE6E8C31D1C4}.Debug|ARM.ActiveCfg = Debug|ARM
		{496387EB-8FAF-4E27-A756-BE6E8C31D1C4}.Debug|ARM.Build.0 = Debug|ARM
		{496387EB-8FAF-4E27-A756-BE6E8C31D1C4}.Debug|ARM.Deploy.0 = Debug|ARM
		{496387EB-8FAF-4E27-A756-BE6E8C31D1C4}.Debug|iPhone.ActiveCfg = Debug|x86
		{496387EB-8FAF-4E27-A756-BE6E8C31D1C4}.Debug|iPhoneSimulator.ActiveCfg = Debug|x86
		{496387EB-8FAF-4E27-A756-BE6E8C31D1C4}.Debug|x64.ActiveCfg = Debug|x64
		{496387EB-8FAF-4E27-A756-BE6E8C31D1C4}.Debug|x64.Build.0 = Debug|x64
		{496387EB-8FAF-4E27-A756-BE6E8C31D1C4}.Debug|x64.Deploy.0 = Debug|x64
		{496387EB-8FAF-4E27-A756-BE6E8C31D1C4}.Debug|x86.ActiveCfg = Debug|x86
		{496387EB-8FAF-4E27-A756-BE6E8C31D1C4}.Debug|x86.Build.0 = Debug|x86
		{496387EB-8FAF-4E27-A756-BE6E8C31D1C4}.Debug|x86.Deploy.0 = Debug|x86
		{496387EB-8FAF-4E27-A756-BE6E8C31D1C4}.Release|Any CPU.ActiveCfg = Release|x86
		{496387EB-8FAF-4E27-A756-BE6E8C31D1C4}.Release|ARM.ActiveCfg = Release|ARM
		{496387EB-8FAF-4E27-A756-BE6E8C31D1C4}.Release|ARM.Build.0 = Release|ARM
		{496387EB-8FAF-4E27-A756-BE6E8C31D1C4}.Release|ARM.Deploy.0 = Release|ARM
		{496387EB-8FAF-4E27-A756-BE6E8C31D1C4}.Release|iPhone.ActiveCfg = Release|x86
		{496387EB-8FAF-4E27-A756-BE6E8C31D1C4}.Release|iPhoneSimulator.ActiveCfg = Release|x86
		{496387EB-8FAF-4E27-A756-BE6E8C31D1C4}.Release|x64.ActiveCfg = Release|x64
		{496387EB-8FAF-4E27-A756-BE6E8C31D1C4}.Release|x64.Build.0 = Release|x64
		{496387EB-8FAF-4E27-A756-BE6E8C31D1C4}.Release|x64.Deploy.0 = Release|x64
		{496387EB-8FAF-4E27-A756-BE6E8C31D1C4}.Release|x86.ActiveCfg = Release|x86
		{496387EB-8FAF-4E27-A756-BE6E8C31D1C4}.Release|x86.Build.0 = Release|x86
		{496387EB-8FAF-4E27-A756-BE6E8C31D1C4}.Release|x86.Deploy.0 = Release|x86
		{A220B95F-14AE-4335-9CB0-C7F602CEA9D2}.Ad-Hoc|Any CPU.ActiveCfg = Ad-Hoc|iPhone
		{A220B95F-14AE-4335-9CB0-C7F602CEA9D2}.Ad-Hoc|ARM.ActiveCfg = Ad-Hoc|iPhone
		{A220B95F-14AE-4335-9CB0-C7F602CEA9D2}.Ad-Hoc|iPhone.ActiveCfg = Ad-Hoc|iPhone
		{A220B95F-14AE-4335-9CB0-C7F602CEA9D2}.Ad-Hoc|iPhone.Build.0 = Ad-Hoc|iPhone
		{A220B95F-14AE-4335-9CB0-C7F602CEA9D2}.Ad-Hoc|iPhoneSimulator.ActiveCfg = Ad-Hoc|iPhoneSimulator
		{A220B95F-14AE-4335-9CB0-C7F602CEA9D2}.Ad-Hoc|iPhoneSimulator.Build.0 = Ad-Hoc|iPhoneSimulator
		{A220B95F-14AE-4335-9CB0-C7F602CEA9D2}.Ad-Hoc|x64.ActiveCfg = Ad-Hoc|iPhone
		{A220B95F-14AE-4335-9CB0-C7F602CEA9D2}.Ad-Hoc|x86.ActiveCfg = Ad-Hoc|iPhone
		{A220B95F-14AE-4335-9CB0-C7F602CEA9D2}.AppStore|Any CPU.ActiveCfg = AppStore|iPhone
		{A220B95F-14AE-4335-9CB0-C7F602CEA9D2}.AppStore|ARM.ActiveCfg = AppStore|iPhone
		{A220B95F-14AE-4335-9CB0-C7F602CEA9D2}.AppStore|iPhone.ActiveCfg = AppStore|iPhone
		{A220B95F-14AE-4335-9CB0-C7F602CEA9D2}.AppStore|iPhone.Build.0 = AppStore|iPhone
		{A220B95F-14AE-4335-9CB0-C7F602CEA9D2}.AppStore|iPhoneSimulator.ActiveCfg = AppStore|iPhoneSimulator
		{A220B95F-14AE-4335-9CB0-C7F602CEA9D2}.AppStore|iPhoneSimulator.Build.0 = AppStore|iPhoneSimulator
		{A220B95F-14AE-4335-9CB0-C7F602CEA9D2}.AppStore|x64.ActiveCfg = AppStore|iPhone
		{A220B95F-14AE-4335-9CB0-C7F602CEA9D2}.AppStore|x86.ActiveCfg = AppStore|iPhone
		{A220B95F-14AE-4335-9CB0-C7F602CEA9D2}.Debug|Any CPU.ActiveCfg = Debug|iPhone
		{A220B95F-14AE-4335-9CB0-C7F602CEA9D2}.Debug|ARM.ActiveCfg = Debug|iPhone
		{A220B95F-14AE-4335-9CB0-C7F602CEA9D2}.Debug|iPhone.ActiveCfg = Debug|iPhone
		{A220B95F-14AE-4335-9CB0-C7F602CEA9D2}.Debug|iPhone.Build.0 = Debug|iPhone
		{A220B95F-14AE-4335-9CB0-C7F602CEA9D2}.Debug|iPhoneSimulator.ActiveCfg = Debug|iPhoneSimulator
		{A220B95F-14AE-4335-9CB0-C7F602CEA9D2}.Debug|iPhoneSimulator.Build.0 = Debug|iPhoneSimulator
		{A220B95F-14AE-4335-9CB0-C7F602CEA9D2}.Debug|x64.ActiveCfg = Debug|iPhone
		{A220B95F-14AE-4335-9CB0-C7F602CEA9D2}.Debug|x86.ActiveCfg = Debug|iPhone
		{A220B95F-14AE-4335-9CB0-C7F602CEA9D2}.Release|Any CPU.ActiveCfg = Release|iPhone
		{A220B95F-14AE-4335-9CB0-C7F602CEA9D2}.Release|ARM.ActiveCfg = Release|iPhone
		{A220B95F-14AE-4335-9CB0-C7F602CEA9D2}.Release|iPhone.ActiveCfg = Release|iPhone
		{A220B95F-14AE-4335-9CB0-C7F602CEA9D2}.Release|iPhone.Build.0 = Release|iPhone
		{A220B95F-14AE-4335-9CB0-C7F602CEA9D2}.Release|iPhoneSimulator.ActiveCfg = Release|iPhoneSimulator
		{A220B95F-14AE-4335-9CB0-C7F602CEA9D2}.Release|iPhoneSimulator.Build.0 = Release|iPhoneSimulator
		{A220B95F-14AE-4335-9CB0-C7F602CEA9D2}.Release|x64.ActiveCfg = Release|iPhone
		{A220B95F-14AE-4335-9CB0-C7F602CEA9D2}.Release|x86.ActiveCfg = Release|iPhone
		{D0887F99-845D-4C0A-BC32-D119DBD31085}.Ad-Hoc|Any CPU.ActiveCfg = Release|Any CPU
		{D0887F99-845D-4C0A-BC32-D119DBD31085}.Ad-Hoc|Any CPU.Build.0 = Release|Any CPU
		{D0887F99-845D-4C0A-BC32-D119DBD31085}.Ad-Hoc|ARM.ActiveCfg = Release|Any CPU
		{D0887F99-845D-4C0A-BC32-D119DBD31085}.Ad-Hoc|ARM.Build.0 = Release|Any CPU
		{D0887F99-845D-4C0A-BC32-D119DBD31085}.Ad-Hoc|iPhone.ActiveCfg = Release|Any CPU
		{D0887F99-845D-4C0A-BC32-D119DBD31085}.Ad-Hoc|iPhone.Build.0 = Release|Any CPU
		{D0887F99-845D-4C0A-BC32-D119DBD31085}.Ad-Hoc|iPhoneSimulator.ActiveCfg = Release|Any CPU
		{D0887F99-845D-4C0A-BC32-D119DBD31085}.Ad-Hoc|iPhoneSimulator.Build.0 = Release|Any CPU
		{D0887F99-845D-4C0A-BC32-D119DBD31085}.Ad-Hoc|x64.ActiveCfg = Release|Any CPU
		{D0887F99-845D-4C0A-BC32-D119DBD31085}.Ad-Hoc|x64.Build.0 = Release|Any CPU
		{D0887F99-845D-4C0A-BC32-D119DBD31085}.Ad-Hoc|x86.ActiveCfg = Release|Any CPU
		{D0887F99-845D-4C0A-BC32-D119DBD31085}.Ad-Hoc|x86.Build.0 = Release|Any CPU
		{D0887F99-845D-4C0A-BC32-D119DBD31085}.AppStore|Any CPU.ActiveCfg = Release|Any CPU
		{D0887F99-845D-4C0A-BC32-D119DBD31085}.AppStore|Any CPU.Build.0 = Release|Any CPU
		{D0887F99-845D-4C0A-BC32-D119DBD31085}.AppStore|ARM.ActiveCfg = Release|Any CPU
		{D0887F99-845D-4C0A-BC32-D119DBD31085}.AppStore|ARM.Build.0 = Release|Any CPU
		{D0887F99-845D-4C0A-BC32-D119DBD31085}.AppStore|iPhone.ActiveCfg = Release|Any CPU
		{D0887F99-845D-4C0A-BC32-D119DBD31085}.AppStore|iPhone.Build.0 = Release|Any CPU
		{D0887F99-845D-4C0A-BC32-D119DBD31085}.AppStore|iPhoneSimulator.ActiveCfg = Release|Any CPU
		{D0887F99-845D-4C0A-BC32-D119DBD31085}.AppStore|iPhoneSimulator.Build.0 = Release|Any CPU
		{D0887F99-845D-4C0A-BC32-D119DBD31085}.AppStore|x64.ActiveCfg = Release|Any CPU
		{D0887F99-845D-4C0A-BC32-D119DBD31085}.AppStore|x64.Build.0 = Release|Any CPU
		{D0887F99-845D-4C0A-BC32-D119DBD31085}.AppStore|x86.ActiveCfg = Release|Any CPU
		{D0887F99-845D-4C0A-BC32-D119DBD31085}.AppStore|x86.Build.0 = Release|Any CPU
		{D0887F99-845D-4C0A-BC32-D119DBD31085}.Debug|Any CPU.ActiveCfg = Debug|Any CPU
		{D0887F99-845D-4C0A-BC32-D119DBD31085}.Debug|Any CPU.Build.0 = Debug|Any CPU
		{D0887F99-845D-4C0A-BC32-D119DBD31085}.Debug|ARM.ActiveCfg = Debug|Any CPU
		{D0887F99-845D-4C0A-BC32-D119DBD31085}.Debug|ARM.Build.0 = Debug|Any CPU
		{D0887F99-845D-4C0A-BC32-D119DBD31085}.Debug|iPhone.ActiveCfg = Debug|Any CPU
		{D0887F99-845D-4C0A-BC32-D119DBD31085}.Debug|iPhone.Build.0 = Debug|Any CPU
		{D0887F99-845D-4C0A-BC32-D119DBD31085}.Debug|iPhoneSimulator.ActiveCfg = Debug|Any CPU
		{D0887F99-845D-4C0A-BC32-D119DBD31085}.Debug|iPhoneSimulator.Build.0 = Debug|Any CPU
		{D0887F99-845D-4C0A-BC32-D119DBD31085}.Debug|x64.ActiveCfg = Debug|Any CPU
		{D0887F99-845D-4C0A-BC32-D119DBD31085}.Debug|x64.Build.0 = Debug|Any CPU
		{D0887F99-845D-4C0A-BC32-D119DBD31085}.Debug|x86.ActiveCfg = Debug|Any CPU
		{D0887F99-845D-4C0A-BC32-D119DBD31085}.Debug|x86.Build.0 = Debug|Any CPU
		{D0887F99-845D-4C0A-BC32-D119DBD31085}.Release|Any CPU.ActiveCfg = Release|Any CPU
		{D0887F99-845D-4C0A-BC32-D119DBD31085}.Release|Any CPU.Build.0 = Release|Any CPU
		{D0887F99-845D-4C0A-BC32-D119DBD31085}.Release|ARM.ActiveCfg = Release|Any CPU
		{D0887F99-845D-4C0A-BC32-D119DBD31085}.Release|ARM.Build.0 = Release|Any CPU
		{D0887F99-845D-4C0A-BC32-D119DBD31085}.Release|iPhone.ActiveCfg = Release|Any CPU
		{D0887F99-845D-4C0A-BC32-D119DBD31085}.Release|iPhone.Build.0 = Release|Any CPU
		{D0887F99-845D-4C0A-BC32-D119DBD31085}.Release|iPhoneSimulator.ActiveCfg = Release|Any CPU
		{D0887F99-845D-4C0A-BC32-D119DBD31085}.Release|iPhoneSimulator.Build.0 = Release|Any CPU
		{D0887F99-845D-4C0A-BC32-D119DBD31085}.Release|x64.ActiveCfg = Release|Any CPU
		{D0887F99-845D-4C0A-BC32-D119DBD31085}.Release|x64.Build.0 = Release|Any CPU
		{D0887F99-845D-4C0A-BC32-D119DBD31085}.Release|x86.ActiveCfg = Release|Any CPU
		{D0887F99-845D-4C0A-BC32-D119DBD31085}.Release|x86.Build.0 = Release|Any CPU
		{01971DD4-A3BC-4822-A28C-6CEF8762D7DD}.Ad-Hoc|Any CPU.ActiveCfg = Release|Any CPU
		{01971DD4-A3BC-4822-A28C-6CEF8762D7DD}.Ad-Hoc|Any CPU.Build.0 = Release|Any CPU
		{01971DD4-A3BC-4822-A28C-6CEF8762D7DD}.Ad-Hoc|ARM.ActiveCfg = Release|Any CPU
		{01971DD4-A3BC-4822-A28C-6CEF8762D7DD}.Ad-Hoc|ARM.Build.0 = Release|Any CPU
		{01971DD4-A3BC-4822-A28C-6CEF8762D7DD}.Ad-Hoc|iPhone.ActiveCfg = Release|Any CPU
		{01971DD4-A3BC-4822-A28C-6CEF8762D7DD}.Ad-Hoc|iPhone.Build.0 = Release|Any CPU
		{01971DD4-A3BC-4822-A28C-6CEF8762D7DD}.Ad-Hoc|iPhoneSimulator.ActiveCfg = Release|Any CPU
		{01971DD4-A3BC-4822-A28C-6CEF8762D7DD}.Ad-Hoc|iPhoneSimulator.Build.0 = Release|Any CPU
		{01971DD4-A3BC-4822-A28C-6CEF8762D7DD}.Ad-Hoc|x64.ActiveCfg = Release|Any CPU
		{01971DD4-A3BC-4822-A28C-6CEF8762D7DD}.Ad-Hoc|x64.Build.0 = Release|Any CPU
		{01971DD4-A3BC-4822-A28C-6CEF8762D7DD}.Ad-Hoc|x86.ActiveCfg = Release|Any CPU
		{01971DD4-A3BC-4822-A28C-6CEF8762D7DD}.Ad-Hoc|x86.Build.0 = Release|Any CPU
		{01971DD4-A3BC-4822-A28C-6CEF8762D7DD}.AppStore|Any CPU.ActiveCfg = Release|Any CPU
		{01971DD4-A3BC-4822-A28C-6CEF8762D7DD}.AppStore|Any CPU.Build.0 = Release|Any CPU
		{01971DD4-A3BC-4822-A28C-6CEF8762D7DD}.AppStore|ARM.ActiveCfg = Release|Any CPU
		{01971DD4-A3BC-4822-A28C-6CEF8762D7DD}.AppStore|ARM.Build.0 = Release|Any CPU
		{01971DD4-A3BC-4822-A28C-6CEF8762D7DD}.AppStore|iPhone.ActiveCfg = Release|Any CPU
		{01971DD4-A3BC-4822-A28C-6CEF8762D7DD}.AppStore|iPhone.Build.0 = Release|Any CPU
		{01971DD4-A3BC-4822-A28C-6CEF8762D7DD}.AppStore|iPhoneSimulator.ActiveCfg = Release|Any CPU
		{01971DD4-A3BC-4822-A28C-6CEF8762D7DD}.AppStore|iPhoneSimulator.Build.0 = Release|Any CPU
		{01971DD4-A3BC-4822-A28C-6CEF8762D7DD}.AppStore|x64.ActiveCfg = Release|Any CPU
		{01971DD4-A3BC-4822-A28C-6CEF8762D7DD}.AppStore|x64.Build.0 = Release|Any CPU
		{01971DD4-A3BC-4822-A28C-6CEF8762D7DD}.AppStore|x86.ActiveCfg = Release|Any CPU
		{01971DD4-A3BC-4822-A28C-6CEF8762D7DD}.AppStore|x86.Build.0 = Release|Any CPU
		{01971DD4-A3BC-4822-A28C-6CEF8762D7DD}.Debug|Any CPU.ActiveCfg = Debug|Any CPU
		{01971DD4-A3BC-4822-A28C-6CEF8762D7DD}.Debug|Any CPU.Build.0 = Debug|Any CPU
		{01971DD4-A3BC-4822-A28C-6CEF8762D7DD}.Debug|ARM.ActiveCfg = Debug|Any CPU
		{01971DD4-A3BC-4822-A28C-6CEF8762D7DD}.Debug|ARM.Build.0 = Debug|Any CPU
		{01971DD4-A3BC-4822-A28C-6CEF8762D7DD}.Debug|iPhone.ActiveCfg = Debug|Any CPU
		{01971DD4-A3BC-4822-A28C-6CEF8762D7DD}.Debug|iPhone.Build.0 = Debug|Any CPU
		{01971DD4-A3BC-4822-A28C-6CEF8762D7DD}.Debug|iPhoneSimulator.ActiveCfg = Debug|Any CPU
		{01971DD4-A3BC-4822-A28C-6CEF8762D7DD}.Debug|iPhoneSimulator.Build.0 = Debug|Any CPU
		{01971DD4-A3BC-4822-A28C-6CEF8762D7DD}.Debug|x64.ActiveCfg = Debug|Any CPU
		{01971DD4-A3BC-4822-A28C-6CEF8762D7DD}.Debug|x64.Build.0 = Debug|Any CPU
		{01971DD4-A3BC-4822-A28C-6CEF8762D7DD}.Debug|x86.ActiveCfg = Debug|Any CPU
		{01971DD4-A3BC-4822-A28C-6CEF8762D7DD}.Debug|x86.Build.0 = Debug|Any CPU
		{01971DD4-A3BC-4822-A28C-6CEF8762D7DD}.Release|Any CPU.ActiveCfg = Release|Any CPU
		{01971DD4-A3BC-4822-A28C-6CEF8762D7DD}.Release|Any CPU.Build.0 = Release|Any CPU
		{01971DD4-A3BC-4822-A28C-6CEF8762D7DD}.Release|ARM.ActiveCfg = Release|Any CPU
		{01971DD4-A3BC-4822-A28C-6CEF8762D7DD}.Release|ARM.Build.0 = Release|Any CPU
		{01971DD4-A3BC-4822-A28C-6CEF8762D7DD}.Release|iPhone.ActiveCfg = Release|Any CPU
		{01971DD4-A3BC-4822-A28C-6CEF8762D7DD}.Release|iPhone.Build.0 = Release|Any CPU
		{01971DD4-A3BC-4822-A28C-6CEF8762D7DD}.Release|iPhoneSimulator.ActiveCfg = Release|Any CPU
		{01971DD4-A3BC-4822-A28C-6CEF8762D7DD}.Release|iPhoneSimulator.Build.0 = Release|Any CPU
		{01971DD4-A3BC-4822-A28C-6CEF8762D7DD}.Release|x64.ActiveCfg = Release|Any CPU
		{01971DD4-A3BC-4822-A28C-6CEF8762D7DD}.Release|x64.Build.0 = Release|Any CPU
		{01971DD4-A3BC-4822-A28C-6CEF8762D7DD}.Release|x86.ActiveCfg = Release|Any CPU
		{01971DD4-A3BC-4822-A28C-6CEF8762D7DD}.Release|x86.Build.0 = Release|Any CPU
		{EBA22D05-8AF2-480F-AA44-77A3661DF29E}.Ad-Hoc|Any CPU.ActiveCfg = Release|Any CPU
		{EBA22D05-8AF2-480F-AA44-77A3661DF29E}.Ad-Hoc|Any CPU.Build.0 = Release|Any CPU
		{EBA22D05-8AF2-480F-AA44-77A3661DF29E}.Ad-Hoc|ARM.ActiveCfg = Release|Any CPU
		{EBA22D05-8AF2-480F-AA44-77A3661DF29E}.Ad-Hoc|ARM.Build.0 = Release|Any CPU
		{EBA22D05-8AF2-480F-AA44-77A3661DF29E}.Ad-Hoc|iPhone.ActiveCfg = Release|Any CPU
		{EBA22D05-8AF2-480F-AA44-77A3661DF29E}.Ad-Hoc|iPhone.Build.0 = Release|Any CPU
		{EBA22D05-8AF2-480F-AA44-77A3661DF29E}.Ad-Hoc|iPhoneSimulator.ActiveCfg = Release|Any CPU
		{EBA22D05-8AF2-480F-AA44-77A3661DF29E}.Ad-Hoc|iPhoneSimulator.Build.0 = Release|Any CPU
		{EBA22D05-8AF2-480F-AA44-77A3661DF29E}.Ad-Hoc|x64.ActiveCfg = Release|Any CPU
		{EBA22D05-8AF2-480F-AA44-77A3661DF29E}.Ad-Hoc|x64.Build.0 = Release|Any CPU
		{EBA22D05-8AF2-480F-AA44-77A3661DF29E}.Ad-Hoc|x86.ActiveCfg = Release|Any CPU
		{EBA22D05-8AF2-480F-AA44-77A3661DF29E}.Ad-Hoc|x86.Build.0 = Release|Any CPU
		{EBA22D05-8AF2-480F-AA44-77A3661DF29E}.AppStore|Any CPU.ActiveCfg = Release|Any CPU
		{EBA22D05-8AF2-480F-AA44-77A3661DF29E}.AppStore|Any CPU.Build.0 = Release|Any CPU
		{EBA22D05-8AF2-480F-AA44-77A3661DF29E}.AppStore|ARM.ActiveCfg = Release|Any CPU
		{EBA22D05-8AF2-480F-AA44-77A3661DF29E}.AppStore|ARM.Build.0 = Release|Any CPU
		{EBA22D05-8AF2-480F-AA44-77A3661DF29E}.AppStore|iPhone.ActiveCfg = Release|Any CPU
		{EBA22D05-8AF2-480F-AA44-77A3661DF29E}.AppStore|iPhone.Build.0 = Release|Any CPU
		{EBA22D05-8AF2-480F-AA44-77A3661DF29E}.AppStore|iPhoneSimulator.ActiveCfg = Release|Any CPU
		{EBA22D05-8AF2-480F-AA44-77A3661DF29E}.AppStore|iPhoneSimulator.Build.0 = Release|Any CPU
		{EBA22D05-8AF2-480F-AA44-77A3661DF29E}.AppStore|x64.ActiveCfg = Release|Any CPU
		{EBA22D05-8AF2-480F-AA44-77A3661DF29E}.AppStore|x64.Build.0 = Release|Any CPU
		{EBA22D05-8AF2-480F-AA44-77A3661DF29E}.AppStore|x86.ActiveCfg = Release|Any CPU
		{EBA22D05-8AF2-480F-AA44-77A3661DF29E}.AppStore|x86.Build.0 = Release|Any CPU
		{EBA22D05-8AF2-480F-AA44-77A3661DF29E}.Debug|Any CPU.ActiveCfg = Debug|Any CPU
		{EBA22D05-8AF2-480F-AA44-77A3661DF29E}.Debug|Any CPU.Build.0 = Debug|Any CPU
		{EBA22D05-8AF2-480F-AA44-77A3661DF29E}.Debug|ARM.ActiveCfg = Debug|Any CPU
		{EBA22D05-8AF2-480F-AA44-77A3661DF29E}.Debug|ARM.Build.0 = Debug|Any CPU
		{EBA22D05-8AF2-480F-AA44-77A3661DF29E}.Debug|iPhone.ActiveCfg = Debug|Any CPU
		{EBA22D05-8AF2-480F-AA44-77A3661DF29E}.Debug|iPhone.Build.0 = Debug|Any CPU
		{EBA22D05-8AF2-480F-AA44-77A3661DF29E}.Debug|iPhoneSimulator.ActiveCfg = Debug|Any CPU
		{EBA22D05-8AF2-480F-AA44-77A3661DF29E}.Debug|iPhoneSimulator.Build.0 = Debug|Any CPU
		{EBA22D05-8AF2-480F-AA44-77A3661DF29E}.Debug|x64.ActiveCfg = Debug|Any CPU
		{EBA22D05-8AF2-480F-AA44-77A3661DF29E}.Debug|x64.Build.0 = Debug|Any CPU
		{EBA22D05-8AF2-480F-AA44-77A3661DF29E}.Debug|x86.ActiveCfg = Debug|Any CPU
		{EBA22D05-8AF2-480F-AA44-77A3661DF29E}.Debug|x86.Build.0 = Debug|Any CPU
		{EBA22D05-8AF2-480F-AA44-77A3661DF29E}.Release|Any CPU.ActiveCfg = Release|Any CPU
		{EBA22D05-8AF2-480F-AA44-77A3661DF29E}.Release|Any CPU.Build.0 = Release|Any CPU
		{EBA22D05-8AF2-480F-AA44-77A3661DF29E}.Release|ARM.ActiveCfg = Release|Any CPU
		{EBA22D05-8AF2-480F-AA44-77A3661DF29E}.Release|ARM.Build.0 = Release|Any CPU
		{EBA22D05-8AF2-480F-AA44-77A3661DF29E}.Release|iPhone.ActiveCfg = Release|Any CPU
		{EBA22D05-8AF2-480F-AA44-77A3661DF29E}.Release|iPhone.Build.0 = Release|Any CPU
		{EBA22D05-8AF2-480F-AA44-77A3661DF29E}.Release|iPhoneSimulator.ActiveCfg = Release|Any CPU
		{EBA22D05-8AF2-480F-AA44-77A3661DF29E}.Release|iPhoneSimulator.Build.0 = Release|Any CPU
		{EBA22D05-8AF2-480F-AA44-77A3661DF29E}.Release|x64.ActiveCfg = Release|Any CPU
		{EBA22D05-8AF2-480F-AA44-77A3661DF29E}.Release|x64.Build.0 = Release|Any CPU
		{EBA22D05-8AF2-480F-AA44-77A3661DF29E}.Release|x86.ActiveCfg = Release|Any CPU
		{EBA22D05-8AF2-480F-AA44-77A3661DF29E}.Release|x86.Build.0 = Release|Any CPU
	EndGlobalSection
	GlobalSection(SolutionProperties) = preSolution
		HideSolutionNode = FALSE
	EndGlobalSection
	GlobalSection(NestedProjects) = preSolution
		{3A98AB28-D4CC-46F7-9ECF-F51D4076FDFB} = {6BC13542-D414-445B-AB8F-CB7920BDDB0A}
		{3BE38450-8046-4C6A-AF1F-B9503443C804} = {134F22BC-C67D-4568-ADCB-B80E01EAE565}
		{134F22BC-C67D-4568-ADCB-B80E01EAE565} = {8B81F37A-8F75-4472-98AE-848176628377}
		{995C82AC-B148-41D4-92FB-769D0B17154A} = {7728B790-099C-410C-A3ED-0E13F29229B4}
		{7E68D5DC-217C-44A0-84C0-D8CCAE14081D} = {7728B790-099C-410C-A3ED-0E13F29229B4}
		{963C87C1-C857-4AB5-B5B4-017BC081C81C} = {8B81F37A-8F75-4472-98AE-848176628377}
		{690FB7CE-105D-4D49-AA88-F9CA85FF52A7} = {963C87C1-C857-4AB5-B5B4-017BC081C81C}
		{E16C4D6A-9ADD-4EA0-B694-697D6051B26F} = {7728B790-099C-410C-A3ED-0E13F29229B4}
		{380215D7-86F9-41E4-BD85-2D31A3EF472D} = {6BC13542-D414-445B-AB8F-CB7920BDDB0A}
		{3C0D7083-B9F3-4535-A692-0F42E4EA6D75} = {380215D7-86F9-41E4-BD85-2D31A3EF472D}
		{42F627D6-29FC-449F-9CC8-A59199928206} = {380215D7-86F9-41E4-BD85-2D31A3EF472D}
		{496387EB-8FAF-4E27-A756-BE6E8C31D1C4} = {380215D7-86F9-41E4-BD85-2D31A3EF472D}
		{A220B95F-14AE-4335-9CB0-C7F602CEA9D2} = {380215D7-86F9-41E4-BD85-2D31A3EF472D}
		{D0887F99-845D-4C0A-BC32-D119DBD31085} = {7728B790-099C-410C-A3ED-0E13F29229B4}
		{01971DD4-A3BC-4822-A28C-6CEF8762D7DD} = {7728B790-099C-410C-A3ED-0E13F29229B4}
		{EBA22D05-8AF2-480F-AA44-77A3661DF29E} = {8B81F37A-8F75-4472-98AE-848176628377}
	EndGlobalSection
EndGlobal
